<Solution>
  <Folder Name="/src/">
    <Project Path="src/CleanArchitecture.Domain/CleanArchitecture.Domain.csproj" />
    <Project Path="src/CleanArchitecture.Application/CleanArchitecture.Application.csproj" />
    <Project Path="src/CleanArchitecture.Infrastructure/CleanArchitecture.Infrastructure.csproj" />
    <Project Path="src/CleanArchitecture.Api/CleanArchitecture.Api.csproj" />
  </Folder>
  <Folder Name="/tests/">
    <Project Path="tests/CleanArchitecture.Api.IntegrationTests/CleanArchitecture.Api.IntegrationTests.csproj" />
    <Project Path="tests/CleanArchitecture.Application.UnitTests/CleanArchitecture.Application.UnitTests.csproj" />
    <Project Path="tests/CleanArchitecture.ArchitectureTests/CleanArchitecture.ArchitectureTests.csproj" />
  </Folder>
</Solution>
